
Microsoft Visual Studio Solution File, Format Version 12.00
# Visual Studio Version 17
VisualStudioVersion = 17.1.32228.430
MinimumVisualStudioVersion = 10.0.40219.1
Project("{9A19103F-16F7-4668-BE54-9A1E7A4F7556}") = "Forum", "Forum\Forum.csproj", "{1092859E-A21A-4EB5-9398-3C858609972C}"
EndProject
Project("{FAE04EC0-301F-11D3-BF4B-00C04F79EFBC}") = "Forum.UnitTests", "Forum.UnitTests\Forum.UnitTests.csproj", "{D0F13988-416B-4DA9-B810-C495B4A3736E}"
EndProject
Project("{FAE04EC0-301F-11D3-BF4B-00C04F79EFBC}") = "Forum.IntegrationTests", "Forum.IntegrationTests\Forum.IntegrationTests.csproj", "{444D03C1-07D1-4BBD-AE86-3E54B363DCF8}"
EndProject
Global
	GlobalSection(SolutionConfigurationPlatforms) = preSolution
		Debug|Any CPU = Debug|Any CPU
		Release|Any CPU = Release|Any CPU
	EndGlobalSection
	GlobalSection(ProjectConfigurationPlatforms) = postSolution
		{1092859E-A21A-4EB5-9398-3C858609972C}.Debug|Any CPU.ActiveCfg = Debug|Any CPU
		{1092859E-A21A-4EB5-9398-3C858609972C}.Debug|Any CPU.Build.0 = Debug|Any CPU
		{1092859E-A21A-4EB5-9398-3C858609972C}.Release|Any CPU.ActiveCfg = Release|Any CPU
		{1092859E-A21A-4EB5-9398-3C858609972C}.Release|Any CPU.Build.0 = Release|Any CPU
		{D0F13988-416B-4DA9-B810-C495B4A3736E}.Debug|Any CPU.ActiveCfg = Debug|Any CPU
		{D0F13988-416B-4DA9-B810-C495B4A3736E}.Debug|Any CPU.Build.0 = Debug|Any CPU
		{D0F13988-416B-4DA9-B810-C495B4A3736E}.Release|Any CPU.ActiveCfg = Release|Any CPU
		{D0F13988-416B-4DA9-B810-C495B4A3736E}.Release|Any CPU.Build.0 = Release|Any CPU
		{444D03C1-07D1-4BBD-AE86-3E54B363DCF8}.Debug|Any CPU.ActiveCfg = Debug|Any CPU
		{444D03C1-07D1-4BBD-AE86-3E54B363DCF8}.Debug|Any CPU.Build.0 = Debug|Any CPU
		{444D03C1-07D1-4BBD-AE86-3E54B363DCF8}.Release|Any CPU.ActiveCfg = Release|Any CPU
		{444D03C1-07D1-4BBD-AE86-3E54B363DCF8}.Release|Any CPU.Build.0 = Release|Any CPU
	EndGlobalSection
	GlobalSection(SolutionProperties) = preSolution
		HideSolutionNode = FALSE
	EndGlobalSection
	GlobalSection(ExtensibilityGlobals) = postSolution
		SolutionGuid = {496401EB-5387-4BC3-BAF6-788252B5512D}
	EndGlobalSection
EndGlobal
